
Microsoft Visual Studio Solution File, Format Version 11.00
# Visual Studio 2010
Project("{888888A0-9F3D-457C-B088-3A5042F75D52}") = "BE-IronPython", "BE-IronPython.pyproj", "{8642DB62-4D9D-4BED-90EC-50F3E8763468}"
EndProject
Global
	GlobalSection(SolutionConfigurationPlatforms) = preSolution
		Debug|Any CPU = Debug|Any CPU
		Release|Any CPU = Release|Any CPU
	EndGlobalSection
	GlobalSection(ProjectConfigurationPlatforms) = postSolution
		{8642DB62-4D9D-4BED-90EC-50F3E8763468}.Debug|Any CPU.ActiveCfg = Debug|Any CPU
		{8642DB62-4D9D-4BED-90EC-50F3E8763468}.Release|Any CPU.ActiveCfg = Release|Any CPU
	EndGlobalSection
	GlobalSection(SolutionProperties) = preSolution
		HideSolutionNode = FALSE
	EndGlobalSection
EndGlobal
